
Microsoft Visual Studio Solution File, Format Version 12.00
# Visual Studio 11
Project("{FAE04EC0-301F-11D3-BF4B-00C04F79EFBC}") = "Dodo", "Dodo\Dodo.csproj", "{32A2C9B6-A1F1-4D38-B9C4-394AAEEFAEDF}"
EndProject
Project("{FAE04EC0-301F-11D3-BF4B-00C04F79EFBC}") = "Dodo.Logic", "Dodo.Logic\Dodo.Logic.csproj", "{629E961B-5EBD-4CCB-B9FA-AAC39DC8C0E3}"
EndProject
Project("{FAE04EC0-301F-11D3-BF4B-00C04F79EFBC}") = "BoxKite", "BoxKite\BoxKite.csproj", "{5C1CF862-B5E7-40D3-9BDB-BB2A0BA4623D}"
EndProject
Project("{2150E333-8FDC-42A3-9474-1A3956D46DE8}") = ".nuget", ".nuget", "{07815441-6402-4607-B459-7DCF3EC4B51F}"
	ProjectSection(SolutionItems) = preProject
		.nuget\NuGet.exe = .nuget\NuGet.exe
		.nuget\NuGet.targets = .nuget\NuGet.targets
	EndProjectSection
EndProject
Project("{FAE04EC0-301F-11D3-BF4B-00C04F79EFBC}") = "BoxKite.Tests", "BoxKite.Tests\BoxKite.Tests.csproj", "{51A12A08-FC54-4AA6-A509-C5355CA0111A}"
EndProject
Global
	GlobalSection(SolutionConfigurationPlatforms) = preSolution
		Debug|ARM = Debug|ARM
		Debug|Any CPU = Debug|Any CPU
		Debug|x64 = Debug|x64
		Debug|x86 = Debug|x86
		Release|ARM = Release|ARM
		Release|Any CPU = Release|Any CPU
		Release|x64 = Release|x64
		Release|x86 = Release|x86
	EndGlobalSection
	GlobalSection(ProjectConfigurationPlatforms) = postSolution
		{32A2C9B6-A1F1-4D38-B9C4-394AAEEFAEDF}.Debug|ARM.ActiveCfg = Debug|ARM
		{32A2C9B6-A1F1-4D38-B9C4-394AAEEFAEDF}.Debug|ARM.Build.0 = Debug|ARM
		{32A2C9B6-A1F1-4D38-B9C4-394AAEEFAEDF}.Debug|ARM.Deploy.0 = Debug|ARM
		{32A2C9B6-A1F1-4D38-B9C4-394AAEEFAEDF}.Debug|Any CPU.ActiveCfg = Debug|Any CPU
		{32A2C9B6-A1F1-4D38-B9C4-394AAEEFAEDF}.Debug|Any CPU.Build.0 = Debug|Any CPU
		{32A2C9B6-A1F1-4D38-B9C4-394AAEEFAEDF}.Debug|Any CPU.Deploy.0 = Debug|Any CPU
		{32A2C9B6-A1F1-4D38-B9C4-394AAEEFAEDF}.Debug|x64.ActiveCfg = Debug|x64
		{32A2C9B6-A1F1-4D38-B9C4-394AAEEFAEDF}.Debug|x64.Build.0 = Debug|x64
		{32A2C9B6-A1F1-4D38-B9C4-394AAEEFAEDF}.Debug|x64.Deploy.0 = Debug|x64
		{32A2C9B6-A1F1-4D38-B9C4-394AAEEFAEDF}.Debug|x86.ActiveCfg = Debug|x86
		{32A2C9B6-A1F1-4D38-B9C4-394AAEEFAEDF}.Debug|x86.Build.0 = Debug|x86
		{32A2C9B6-A1F1-4D38-B9C4-394AAEEFAEDF}.Debug|x86.Deploy.0 = Debug|x86
		{32A2C9B6-A1F1-4D38-B9C4-394AAEEFAEDF}.Release|ARM.ActiveCfg = Release|ARM
		{32A2C9B6-A1F1-4D38-B9C4-394AAEEFAEDF}.Release|ARM.Build.0 = Release|ARM
		{32A2C9B6-A1F1-4D38-B9C4-394AAEEFAEDF}.Release|ARM.Deploy.0 = Release|ARM
		{32A2C9B6-A1F1-4D38-B9C4-394AAEEFAEDF}.Release|Any CPU.ActiveCfg = Release|Any CPU
		{32A2C9B6-A1F1-4D38-B9C4-394AAEEFAEDF}.Release|Any CPU.Build.0 = Release|Any CPU
		{32A2C9B6-A1F1-4D38-B9C4-394AAEEFAEDF}.Release|Any CPU.Deploy.0 = Release|Any CPU
		{32A2C9B6-A1F1-4D38-B9C4-394AAEEFAEDF}.Release|x64.ActiveCfg = Release|x64
		{32A2C9B6-A1F1-4D38-B9C4-394AAEEFAEDF}.Release|x64.Build.0 = Release|x64
		{32A2C9B6-A1F1-4D38-B9C4-394AAEEFAEDF}.Release|x64.Deploy.0 = Release|x64
		{32A2C9B6-A1F1-4D38-B9C4-394AAEEFAEDF}.Release|x86.ActiveCfg = Release|x86
		{32A2C9B6-A1F1-4D38-B9C4-394AAEEFAEDF}.Release|x86.Build.0 = Release|x86
		{32A2C9B6-A1F1-4D38-B9C4-394AAEEFAEDF}.Release|x86.Deploy.0 = Release|x86
		{51A12A08-FC54-4AA6-A509-C5355CA0111A}.Debug|ARM.ActiveCfg = Debug|ARM
		{51A12A08-FC54-4AA6-A509-C5355CA0111A}.Debug|ARM.Build.0 = Debug|ARM
		{51A12A08-FC54-4AA6-A509-C5355CA0111A}.Debug|ARM.Deploy.0 = Debug|ARM
		{51A12A08-FC54-4AA6-A509-C5355CA0111A}.Debug|Any CPU.ActiveCfg = Debug|Any CPU
		{51A12A08-FC54-4AA6-A509-C5355CA0111A}.Debug|Any CPU.Build.0 = Debug|Any CPU
		{51A12A08-FC54-4AA6-A509-C5355CA0111A}.Debug|Any CPU.Deploy.0 = Debug|Any CPU
		{51A12A08-FC54-4AA6-A509-C5355CA0111A}.Debug|x64.ActiveCfg = Debug|x64
		{51A12A08-FC54-4AA6-A509-C5355CA0111A}.Debug|x64.Build.0 = Debug|x64
		{51A12A08-FC54-4AA6-A509-C5355CA0111A}.Debug|x64.Deploy.0 = Debug|x64
		{51A12A08-FC54-4AA6-A509-C5355CA0111A}.Debug|x86.ActiveCfg = Debug|x86
		{51A12A08-FC54-4AA6-A509-C5355CA0111A}.Debug|x86.Build.0 = Debug|x86
		{51A12A08-FC54-4AA6-A509-C5355CA0111A}.Debug|x86.Deploy.0 = Debug|x86
		{51A12A08-FC54-4AA6-A509-C5355CA0111A}.Release|ARM.ActiveCfg = Release|ARM
		{51A12A08-FC54-4AA6-A509-C5355CA0111A}.Release|ARM.Build.0 = Release|ARM
		{51A12A08-FC54-4AA6-A509-C5355CA0111A}.Release|ARM.Deploy.0 = Release|ARM
		{51A12A08-FC54-4AA6-A509-C5355CA0111A}.Release|Any CPU.ActiveCfg = Release|Any CPU
		{51A12A08-FC54-4AA6-A509-C5355CA0111A}.Release|Any CPU.Build.0 = Release|Any CPU
		{51A12A08-FC54-4AA6-A509-C5355CA0111A}.Release|Any CPU.Deploy.0 = Release|Any CPU
		{51A12A08-FC54-4AA6-A509-C5355CA0111A}.Release|x64.ActiveCfg = Release|x64
		{51A12A08-FC54-4AA6-A509-C5355CA0111A}.Release|x64.Build.0 = Release|x64
		{51A12A08-FC54-4AA6-A509-C5355CA0111A}.Release|x64.Deploy.0 = Release|x64
		{51A12A08-FC54-4AA6-A509-C5355CA0111A}.Release|x86.ActiveCfg = Release|x86
		{51A12A08-FC54-4AA6-A509-C5355CA0111A}.Release|x86.Build.0 = Release|x86
		{51A12A08-FC54-4AA6-A509-C5355CA0111A}.Release|x86.Deploy.0 = Release|x86
		{5C1CF862-B5E7-40D3-9BDB-BB2A0BA4623D}.Debug|ARM.ActiveCfg = Debug|ARM
		{5C1CF862-B5E7-40D3-9BDB-BB2A0BA4623D}.Debug|ARM.Build.0 = Debug|ARM
		{5C1CF862-B5E7-40D3-9BDB-BB2A0BA4623D}.Debug|Any CPU.ActiveCfg = Debug|Any CPU
		{5C1CF862-B5E7-40D3-9BDB-BB2A0BA4623D}.Debug|Any CPU.Build.0 = Debug|Any CPU
		{5C1CF862-B5E7-40D3-9BDB-BB2A0BA4623D}.Debug|x64.ActiveCfg = Debug|x64
		{5C1CF862-B5E7-40D3-9BDB-BB2A0BA4623D}.Debug|x64.Build.0 = Debug|x64
		{5C1CF862-B5E7-40D3-9BDB-BB2A0BA4623D}.Debug|x86.ActiveCfg = Debug|x86
		{5C1CF862-B5E7-40D3-9BDB-BB2A0BA4623D}.Debug|x86.Build.0 = Debug|x86
		{5C1CF862-B5E7-40D3-9BDB-BB2A0BA4623D}.Release|ARM.ActiveCfg = Release|ARM
		{5C1CF862-B5E7-40D3-9BDB-BB2A0BA4623D}.Release|ARM.Build.0 = Release|ARM
		{5C1CF862-B5E7-40D3-9BDB-BB2A0BA4623D}.Release|Any CPU.ActiveCfg = Release|Any CPU
		{5C1CF862-B5E7-40D3-9BDB-BB2A0BA4623D}.Release|Any CPU.Build.0 = Release|Any CPU
		{5C1CF862-B5E7-40D3-9BDB-BB2A0BA4623D}.Release|x64.ActiveCfg = Release|x64
		{5C1CF862-B5E7-40D3-9BDB-BB2A0BA4623D}.Release|x64.Build.0 = Release|x64
		{5C1CF862-B5E7-40D3-9BDB-BB2A0BA4623D}.Release|x86.ActiveCfg = Release|x86
		{5C1CF862-B5E7-40D3-9BDB-BB2A0BA4623D}.Release|x86.Build.0 = Release|x86
		{629E961B-5EBD-4CCB-B9FA-AAC39DC8C0E3}.Debug|ARM.ActiveCfg = Debug|ARM
		{629E961B-5EBD-4CCB-B9FA-AAC39DC8C0E3}.Debug|ARM.Build.0 = Debug|ARM
		{629E961B-5EBD-4CCB-B9FA-AAC39DC8C0E3}.Debug|Any CPU.ActiveCfg = Debug|Any CPU
		{629E961B-5EBD-4CCB-B9FA-AAC39DC8C0E3}.Debug|Any CPU.Build.0 = Debug|Any CPU
		{629E961B-5EBD-4CCB-B9FA-AAC39DC8C0E3}.Debug|x64.ActiveCfg = Debug|x64
		{629E961B-5EBD-4CCB-B9FA-AAC39DC8C0E3}.Debug|x64.Build.0 = Debug|x64
		{629E961B-5EBD-4CCB-B9FA-AAC39DC8C0E3}.Debug|x86.ActiveCfg = Debug|x86
		{629E961B-5EBD-4CCB-B9FA-AAC39DC8C0E3}.Debug|x86.Build.0 = Debug|x86
		{629E961B-5EBD-4CCB-B9FA-AAC39DC8C0E3}.Release|ARM.ActiveCfg = Release|ARM
		{629E961B-5EBD-4CCB-B9FA-AAC39DC8C0E3}.Release|ARM.Build.0 = Release|ARM
		{629E961B-5EBD-4CCB-B9FA-AAC39DC8C0E3}.Release|Any CPU.ActiveCfg = Release|Any CPU
		{629E961B-5EBD-4CCB-B9FA-AAC39DC8C0E3}.Release|Any CPU.Build.0 = Release|Any CPU
		{629E961B-5EBD-4CCB-B9FA-AAC39DC8C0E3}.Release|x64.ActiveCfg = Release|x64
		{629E961B-5EBD-4CCB-B9FA-AAC39DC8C0E3}.Release|x64.Build.0 = Release|x64
		{629E961B-5EBD-4CCB-B9FA-AAC39DC8C0E3}.Release|x86.ActiveCfg = Release|x86
		{629E961B-5EBD-4CCB-B9FA-AAC39DC8C0E3}.Release|x86.Build.0 = Release|x86
	EndGlobalSection
	GlobalSection(SolutionProperties) = preSolution
		HideSolutionNode = FALSE
	EndGlobalSection
EndGlobal
